
Microsoft Visual Studio Solution File, Format Version 12.00
# Visual Studio Version 17
VisualStudioVersion = 17.8.34408.163
MinimumVisualStudioVersion = 10.0.40219.1
Project("{FAE04EC0-301F-11D3-BF4B-00C04F79EFBC}") = "ConsolePomodoroTimer", "ConsolePomodoroTimer\ConsolePomodoroTimer.csproj", "{546F3F36-DA11-4D11-9E87-192D4B693300}"
EndProject
Global
	GlobalSection(SolutionConfigurationPlatforms) = preSolution
		Debug|Any CPU = Debug|Any CPU
		Release|Any CPU = Release|Any CPU
	EndGlobalSection
	GlobalSection(ProjectConfigurationPlatforms) = postSolution
		{546F3F36-DA11-4D11-9E87-192D4B693300}.Debug|Any CPU.ActiveCfg = Debug|Any CPU
		{546F3F36-DA11-4D11-9E87-192D4B693300}.Debug|Any CPU.Build.0 = Debug|Any CPU
		{546F3F36-DA11-4D11-9E87-192D4B693300}.Release|Any CPU.ActiveCfg = Release|Any CPU
		{546F3F36-DA11-4D11-9E87-192D4B693300}.Release|Any CPU.Build.0 = Release|Any CPU
	EndGlobalSection
	GlobalSection(SolutionProperties) = preSolution
		HideSolutionNode = FALSE
	EndGlobalSection
	GlobalSection(ExtensibilityGlobals) = postSolution
		SolutionGuid = {5171E859-5F1E-46B3-8D0C-9C52B511F5DF}
	EndGlobalSection
EndGlobal
